// !$*UTF8*$!
{
	archiveVersion = 1;
	classes = {
	};
	objectVersion = 46;
	objects = {

/* Begin PBXBuildFile section */
		8D0B5C601C83564A008846F2 /* AppDelegate.swift in Sources */ = {isa = PBXBuildFile; fileRef = 8D0B5C5F1C83564A008846F2 /* AppDelegate.swift */; };
		8D0B5C621C83564A008846F2 /* ViewController.swift in Sources */ = {isa = PBXBuildFile; fileRef = 8D0B5C611C83564A008846F2 /* ViewController.swift */; };
		8D0B5C651C83564A008846F2 /* Main.storyboard in Resources */ = {isa = PBXBuildFile; fileRef = 8D0B5C631C83564A008846F2 /* Main.storyboard */; };
		8D0B5C671C83564A008846F2 /* Assets.xcassets in Resources */ = {isa = PBXBuildFile; fileRef = 8D0B5C661C83564A008846F2 /* Assets.xcassets */; };
		8D0B5C6A1C83564A008846F2 /* LaunchScreen.storyboard in Resources */ = {isa = PBXBuildFile; fileRef = 8D0B5C681C83564A008846F2 /* LaunchScreen.storyboard */; };
		8D0B5C721C835FD6008846F2 /* pokemon.csv in Resources */ = {isa = PBXBuildFile; fileRef = 8D0B5C711C835FD6008846F2 /* pokemon.csv */; };
		8D0B5C751C83615D008846F2 /* Pokeman.swift in Sources */ = {isa = PBXBuildFile; fileRef = 8D0B5C741C83615D008846F2 /* Pokeman.swift */; };
/* End PBXBuildFile section */

/* Begin PBXFileReference section */
		8D0B5C5C1C835649008846F2 /* Pokeman Dex.app */ = {isa = PBXFileReference; explicitFileType = wrapper.application; includeInIndex = 0; path = "Pokeman Dex.app"; sourceTree = BUILT_PRODUCTS_DIR; };
		8D0B5C5F1C83564A008846F2 /* AppDelegate.swift */ = {isa = PBXFileReference; lastKnownFileType = sourcecode.swift; path = AppDelegate.swift; sourceTree = "<group>"; };
		8D0B5C611C83564A008846F2 /* ViewController.swift */ = {isa = PBXFileReference; lastKnownFileType = sourcecode.swift; path = ViewController.swift; sourceTree = "<group>"; };
		8D0B5C641C83564A008846F2 /* Base */ = {isa = PBXFileReference; lastKnownFileType = file.storyboard; name = Base; path = Base.lproj/Main.storyboard; sourceTree = "<group>"; };
		8D0B5C661C83564A008846F2 /* Assets.xcassets */ = {isa = PBXFileReference; lastKnownFileType = folder.assetcatalog; path = Assets.xcassets; sourceTree = "<group>"; };
		8D0B5C691C83564A008846F2 /* Base */ = {isa = PBXFileReference; lastKnownFileType = file.storyboard; name = Base; path = Base.lproj/LaunchScreen.storyboard; sourceTree = "<group>"; };
		8D0B5C6B1C83564A008846F2 /* Info.plist */ = {isa = PBXFileReference; lastKnownFileType = text.plist.xml; path = Info.plist; sourceTree = "<group>"; };
		8D0B5C711C835FD6008846F2 /* pokemon.csv */ = {isa = PBXFileReference; fileEncoding = 4; lastKnownFileType = text; path = pokemon.csv; sourceTree = "<group>"; };
		8D0B5C741C83615D008846F2 /* Pokeman.swift */ = {isa = PBXFileReference; fileEncoding = 4; lastKnownFileType = sourcecode.swift; path = Pokeman.swift; sourceTree = "<group>"; };
/* End PBXFileReference section */

/* Begin PBXFrameworksBuildPhase section */
		8D0B5C591C835649008846F2 /* Frameworks */ = {
			isa = PBXFrameworksBuildPhase;
			buildActionMask = 2147483647;
			files = (
			);
			runOnlyForDeploymentPostprocessing = 0;
		};
/* End PBXFrameworksBuildPhase section */

/* Begin PBXGroup section */
		8D0B5C531C835649008846F2 = {
			isa = PBXGroup;
			children = (
				8D0B5C5E1C835649008846F2 /* Pokeman Dex */,
				8D0B5C5D1C835649008846F2 /* Products */,
			);
			sourceTree = "<group>";
		};
		8D0B5C5D1C835649008846F2 /* Products */ = {
			isa = PBXGroup;
			children = (
				8D0B5C5C1C835649008846F2 /* Pokeman Dex.app */,
			);
			name = Products;
			sourceTree = "<group>";
		};
		8D0B5C5E1C835649008846F2 /* Pokeman Dex */ = {
			isa = PBXGroup;
			children = (
				8D0B5C731C836143008846F2 /* Model */,
				8D0B5C5F1C83564A008846F2 /* AppDelegate.swift */,
				8D0B5C711C835FD6008846F2 /* pokemon.csv */,
				8D0B5C611C83564A008846F2 /* ViewController.swift */,
				8D0B5C631C83564A008846F2 /* Main.storyboard */,
				8D0B5C661C83564A008846F2 /* Assets.xcassets */,
				8D0B5C681C83564A008846F2 /* LaunchScreen.storyboard */,
				8D0B5C6B1C83564A008846F2 /* Info.plist */,
			);
			path = "Pokeman Dex";
			sourceTree = "<group>";
		};
		8D0B5C731C836143008846F2 /* Model */ = {
			isa = PBXGroup;
			children = (
				8D0B5C741C83615D008846F2 /* Pokeman.swift */,
			);
			name = Model;
			sourceTree = "<group>";
		};
/* End PBXGroup section */

/* Begin PBXNativeTarget section */
		8D0B5C5B1C835649008846F2 /* Pokeman Dex */ = {
			isa = PBXNativeTarget;
			buildConfigurationList = 8D0B5C6E1C83564A008846F2 /* Build configuration list for PBXNativeTarget "Pokeman Dex" */;
			buildPhases = (
				8D0B5C581C835649008846F2 /* Sources */,
				8D0B5C591C835649008846F2 /* Frameworks */,
				8D0B5C5A1C835649008846F2 /* Resources */,
			);
			buildRules = (
			);
			dependencies = (
			);
			name = "Pokeman Dex";
			productName = "Pokeman Dex";
			productReference = 8D0B5C5C1C835649008846F2 /* Pokeman Dex.app */;
			productType = "com.apple.product-type.application";
		};
/* End PBXNativeTarget section */

/* Begin PBXProject section */
		8D0B5C541C835649008846F2 /* Project object */ = {
			isa = PBXProject;
			attributes = {
				LastSwiftUpdateCheck = 0720;
				LastUpgradeCheck = 0720;
				ORGANIZATIONNAME = gpdno;
				TargetAttributes = {
					8D0B5C5B1C835649008846F2 = {
						CreatedOnToolsVersion = 7.2.1;
						DevelopmentTeam = HC48748L95;
					};
				};
			};
			buildConfigurationList = 8D0B5C571C835649008846F2 /* Build configuration list for PBXProject "Pokeman Dex" */;
			compatibilityVersion = "Xcode 3.2";
			developmentRegion = English;
			hasScannedForEncodings = 0;
			knownRegions = (
				en,
				Base,
			);
			mainGroup = 8D0B5C531C835649008846F2;
			productRefGroup = 8D0B5C5D1C835649008846F2 /* Products */;
			projectDirPath = "";
			projectRoot = "";
			targets = (
				8D0B5C5B1C835649008846F2 /* Pokeman Dex */,
			);
		};
/* End PBXProject section */

/* Begin PBXResourcesBuildPhase section */
		8D0B5C5A1C835649008846F2 /* Resources */ = {
			isa = PBXResourcesBuildPhase;
			buildActionMask = 2147483647;
			files = (
				8D0B5C6A1C83564A008846F2 /* LaunchScreen.storyboard in Resources */,
				8D0B5C671C83564A008846F2 /* Assets.xcassets in Resources */,
				8D0B5C721C835FD6008846F2 /* pokemon.csv in Resources */,
				8D0B5C651C83564A008846F2 /* Main.storyboard in Resources */,
			);
			runOnlyForDeploymentPostprocessing = 0;
		};
/* End PBXResourcesBuildPhase section */

/* Begin PBXSourcesBuildPhase section */
		8D0B5C581C835649008846F2 /* Sources */ = {
			isa = PBXSourcesBuildPhase;
			buildActionMask = 2147483647;
			files = (
				8D0B5C751C83615D008846F2 /* Pokeman.swift in Sources */,
				8D0B5C621C83564A008846F2 /* ViewController.swift in Sources */,
				8D0B5C601C83564A008846F2 /* AppDelegate.swift in Sources */,
			);
			runOnlyForDeploymentPostprocessing = 0;
		};
/* End PBXSourcesBuildPhase section */

/* Begin PBXVariantGroup section */
		8D0B5C631C83564A008846F2 /* Main.storyboard */ = {
			isa = PBXVariantGroup;
			children = (
				8D0B5C641C83564A008846F2 /* Base */,
			);
			name = Main.storyboard;
			sourceTree = "<group>";
		};
		8D0B5C681C83564A008846F2 /* LaunchScreen.storyboard */ = {
			isa = PBXVariantGroup;
			children = (
				8D0B5C691C83564A008846F2 /* Base */,
			);
			name = LaunchScreen.storyboard;
			sourceTree = "<group>";
		};
/* End PBXVariantGroup section */

/* Begin XCBuildConfiguration section */
		8D0B5C6C1C83564A008846F2 /* Debug */ = {
			isa = XCBuildConfiguration;
			buildSettings = {
				ALWAYS_SEARCH_USER_PATHS = NO;
				CLANG_CXX_LANGUAGE_STANDARD = "gnu++0x";
				CLANG_CXX_LIBRARY = "libc++";
				CLANG_ENABLE_MODULES = YES;
				CLANG_ENABLE_OBJC_ARC = YES;
				CLANG_WARN_BOOL_CONVERSION = YES;
				CLANG_WARN_CONSTANT_CONVERSION = YES;
				CLANG_WARN_DIRECT_OBJC_ISA_USAGE = YES_ERROR;
				CLANG_WARN_EMPTY_BODY = YES;
				CLANG_WARN_ENUM_CONVERSION = YES;
				CLANG_WARN_INT_CONVERSION = YES;
				CLANG_WARN_OBJC_ROOT_CLASS = YES_ERROR;
				CLANG_WARN_UNREACHABLE_CODE = YES;
				CLANG_WARN__DUPLICATE_METHOD_MATCH = YES;
				"CODE_SIGN_IDENTITY[sdk=iphoneos*]" = "iPhone Developer";
				COPY_PHASE_STRIP = NO;
				DEBUG_INFORMATION_FORMAT = dwarf;
				ENABLE_STRICT_OBJC_MSGSEND = YES;
				ENABLE_TESTABILITY = YES;
				GCC_C_LANGUAGE_STANDARD = gnu99;
				GCC_DYNAMIC_NO_PIC = NO;
				GCC_NO_COMMON_BLOCKS = YES;
				GCC_OPTIMIZATION_LEVEL = 0;
				GCC_PREPROCESSOR_DEFINITIONS = (
					"DEBUG=1",
					"$(inherited)",
				);
				GCC_WARN_64_TO_32_BIT_CONVERSION = YES;
				GCC_WARN_ABOUT_RETURN_TYPE = YES_ERROR;
				GCC_WARN_UNDECLARED_SELECTOR = YES;
				GCC_WARN_UNINITIALIZED_AUTOS = YES_AGGRESSIVE;
				GCC_WARN_UNUSED_FUNCTION = YES;
				GCC_WARN_UNUSED_VARIABLE = YES;
				IPHONEOS_DEPLOYMENT_TARGET = 9.2;
				MTL_ENABLE_DEBUG_INFO = YES;
				ONLY_ACTIVE_ARCH = YES;
				SDKROOT = iphoneos;
				SWIFT_OPTIMIZATION_LEVEL = "-Onone";
				TARGETED_DEVICE_FAMILY = "1,2";
			};
			name = Debug;
		};
		8D0B5C6D1C83564A008846F2 /* Release */ = {
			isa = XCBuildConfiguration;
			buildSettings = {
				ALWAYS_SEARCH_USER_PATHS = NO;
				CLANG_CXX_LANGUAGE_STANDARD = "gnu++0x";
				CLANG_CXX_LIBRARY = "libc++";
				CLANG_ENABLE_MODULES = YES;
				CLANG_ENABLE_OBJC_ARC = YES;
				CLANG_WARN_BOOL_CONVERSION = YES;
				CLANG_WARN_CONSTANT_CONVERSION = YES;
				CLANG_WARN_DIRECT_OBJC_ISA_USAGE = YES_ERROR;
				CLANG_WARN_EMPTY_BODY = YES;
				CLANG_WARN_ENUM_CONVERSION = YES;
				CLANG_WARN_INT_CONVERSION = YES;
				CLANG_WARN_OBJC_ROOT_CLASS = YES_ERROR;
				CLANG_WARN_UNREACHABLE_CODE = YES;
				CLANG_WARN__DUPLICATE_METHOD_MATCH = YES;
				"CODE_SIGN_IDENTITY[sdk=iphoneos*]" = "iPhone Developer";
				COPY_PHASE_STRIP = NO;
				DEBUG_INFORMATION_FORMAT = "dwarf-with-dsym";
				ENABLE_NS_ASSERTIONS = NO;
				ENABLE_STRICT_OBJC_MSGSEND = YES;
				GCC_C_LANGUAGE_STANDARD = gnu99;
				GCC_NO_COMMON_BLOCKS = YES;
				GCC_WARN_64_TO_32_BIT_CONVERSION = YES;
				GCC_WARN_ABOUT_RETURN_TYPE = YES_ERROR;
				GCC_WARN_UNDECLARED_SELECTOR = YES;
				GCC_WARN_UNINITIALIZED_AUTOS = YES_AGGRESSIVE;
				GCC_WARN_UNUSED_FUNCTION = YES;
				GCC_WARN_UNUSED_VARIABLE = YES;
				IPHONEOS_DEPLOYMENT_TARGET = 9.2;
				MTL_ENABLE_DEBUG_INFO = NO;
				SDKROOT = iphoneos;
				TARGETED_DEVICE_FAMILY = "1,2";
				VALIDATE_PRODUCT = YES;
			};
			name = Release;
		};
		8D0B5C6F1C83564A008846F2 /* Debug */ = {
			isa = XCBuildConfiguration;
			buildSettings = {
				ASSETCATALOG_COMPILER_APPICON_NAME = AppIcon;
				CODE_SIGN_IDENTITY = "iPhone Developer";
				INFOPLIST_FILE = "Pokeman Dex/Info.plist";
				LD_RUNPATH_SEARCH_PATHS = "$(inherited) @executable_path/Frameworks";
				PRODUCT_BUNDLE_IDENTIFIER = "com.mac.gpdno.Pokeman-Dex";
				PRODUCT_NAME = "$(TARGET_NAME)";
			};
			name = Debug;
		};
		8D0B5C701C83564A008846F2 /* Release */ = {
			isa = XCBuildConfiguration;
			buildSettings = {
				ASSETCATALOG_COMPILER_APPICON_NAME = AppIcon;
				CODE_SIGN_IDENTITY = "iPhone Developer";
				INFOPLIST_FILE = "Pokeman Dex/Info.plist";
				LD_RUNPATH_SEARCH_PATHS = "$(inherited) @executable_path/Frameworks";
				PRODUCT_BUNDLE_IDENTIFIER = "com.mac.gpdno.Pokeman-Dex";
				PRODUCT_NAME = "$(TARGET_NAME)";
			};
			name = Release;
		};
/* End XCBuildConfiguration section */

/* Begin XCConfigurationList section */
		8D0B5C571C835649008846F2 /* Build configuration list for PBXProject "Pokeman Dex" */ = {
			isa = XCConfigurationList;
			buildConfigurations = (
				8D0B5C6C1C83564A008846F2 /* Debug */,
				8D0B5C6D1C83564A008846F2 /* Release */,
			);
			defaultConfigurationIsVisible = 0;
			defaultConfigurationName = Release;
		};
		8D0B5C6E1C83564A008846F2 /* Build configuration list for PBXNativeTarget "Pokeman Dex" */ = {
			isa = XCConfigurationList;
			buildConfigurations = (
				8D0B5C6F1C83564A008846F2 /* Debug */,
				8D0B5C701C83564A008846F2 /* Release */,
			);
			defaultConfigurationIsVisible = 0;
		};
/* End XCConfigurationList section */
	};
	rootObject = 8D0B5C541C835649008846F2 /* Project object */;
}
